// !$*UTF8*$!
{
	archiveVersion = 1;
	classes = {
	};
	objectVersion = 55;
	objects = {

/* Begin PBXBuildFile section */
		0FC4F8D956181F2A030E178C /* Pods_watchOSApp_WatchKit_App.framework in Frameworks */ = {isa = PBXBuildFile; fileRef = 28E70D68813C50AE1545CC16 /* Pods_watchOSApp_WatchKit_App.framework */; };
		1840DB7F70D9019A7C0816ED /* Pods_iOSApp.framework in Frameworks */ = {isa = PBXBuildFile; fileRef = FBE2AA2F9F4E05238739BAF9 /* Pods_iOSApp.framework */; };
		3800DF052789C80300EE5C5B /* AppDelegate.swift in Sources */ = {isa = PBXBuildFile; fileRef = 3800DF042789C80300EE5C5B /* AppDelegate.swift */; };
		3800DF072789C80300EE5C5B /* SceneDelegate.swift in Sources */ = {isa = PBXBuildFile; fileRef = 3800DF062789C80300EE5C5B /* SceneDelegate.swift */; };
		3800DF0C2789C80300EE5C5B /* Main.storyboard in Resources */ = {isa = PBXBuildFile; fileRef = 3800DF0A2789C80300EE5C5B /* Main.storyboard */; };
		3800DF0E2789C80400EE5C5B /* Assets.xcassets in Resources */ = {isa = PBXBuildFile; fileRef = 3800DF0D2789C80400EE5C5B /* Assets.xcassets */; };
		3800DF112789C80400EE5C5B /* LaunchScreen.storyboard in Resources */ = {isa = PBXBuildFile; fileRef = 3800DF0F2789C80400EE5C5B /* LaunchScreen.storyboard */; };
		3800DF1C2789C80500EE5C5B /* iOSAppTests.swift in Sources */ = {isa = PBXBuildFile; fileRef = 3800DF1B2789C80500EE5C5B /* iOSAppTests.swift */; };
		3800DF262789C80500EE5C5B /* iOSAppUITests.swift in Sources */ = {isa = PBXBuildFile; fileRef = 3800DF252789C80500EE5C5B /* iOSAppUITests.swift */; };
		3800DF282789C80500EE5C5B /* iOSAppUITestsLaunchTests.swift in Sources */ = {isa = PBXBuildFile; fileRef = 3800DF272789C80500EE5C5B /* iOSAppUITestsLaunchTests.swift */; };
		380CC89A278A613B0092CE23 /* Home.storyboard in Resources */ = {isa = PBXBuildFile; fileRef = 380CC899278A613B0092CE23 /* Home.storyboard */; };
		380CC89C278A61D10092CE23 /* Settings.storyboard in Resources */ = {isa = PBXBuildFile; fileRef = 380CC89B278A61D10092CE23 /* Settings.storyboard */; };
		38518EBF28312BFA0027284A /* HomeViewController.swift in Sources */ = {isa = PBXBuildFile; fileRef = 38518EBE28312BFA0027284A /* HomeViewController.swift */; };
		38518EC5283133EC0027284A /* CircleCollectionViewCell.swift in Sources */ = {isa = PBXBuildFile; fileRef = 38518EC4283133EC0027284A /* CircleCollectionViewCell.swift */; };
		38518EC7283135210027284A /* PatientData.swift in Sources */ = {isa = PBXBuildFile; fileRef = 38518EC6283135210027284A /* PatientData.swift */; };
		38518EC9283158640027284A /* HomeModel.swift in Sources */ = {isa = PBXBuildFile; fileRef = 38518EC8283158640027284A /* HomeModel.swift */; };
		38518ECC283182460027284A /* AddPatientViewController.swift in Sources */ = {isa = PBXBuildFile; fileRef = 38518ECB283182460027284A /* AddPatientViewController.swift */; };
		38518ECE283182600027284A /* AddPatient.storyboard in Resources */ = {isa = PBXBuildFile; fileRef = 38518ECD283182600027284A /* AddPatient.storyboard */; };
		38518ED02831AC1F0027284A /* TextTableViewCell.swift in Sources */ = {isa = PBXBuildFile; fileRef = 38518ECF2831AC1F0027284A /* TextTableViewCell.swift */; };
		38518ED328325CE50027284A /* PatientProfileViewController.swift in Sources */ = {isa = PBXBuildFile; fileRef = 38518ED228325CE50027284A /* PatientProfileViewController.swift */; };
		38518ED528325CF90027284A /* PatientProfile.storyboard in Resources */ = {isa = PBXBuildFile; fileRef = 38518ED428325CF90027284A /* PatientProfile.storyboard */; };
		38518ED728325DF50027284A /* PatientProfileModel.swift in Sources */ = {isa = PBXBuildFile; fileRef = 38518ED628325DF50027284A /* PatientProfileModel.swift */; };
		38518ED9283260E60027284A /* UIImage+Extension.swift in Sources */ = {isa = PBXBuildFile; fileRef = 38518ED8283260E60027284A /* UIImage+Extension.swift */; };
		38518EDB28326A3E0027284A /* UIView+Extension.swift in Sources */ = {isa = PBXBuildFile; fileRef = 38518EDA28326A3E0027284A /* UIView+Extension.swift */; };
		38518EDD28327BF80027284A /* Notification.Name+Extension.swift in Sources */ = {isa = PBXBuildFile; fileRef = 38518EDC28327BF80027284A /* Notification.Name+Extension.swift */; };
		38518EE42832F7980027284A /* watchOSApp WatchKit App.app in Embed Watch Content */ = {isa = PBXBuildFile; fileRef = 38518EE32832F7980027284A /* watchOSApp WatchKit App.app */; settings = {ATTRIBUTES = (RemoveHeadersOnCopy, ); }; };
		38518EEA2832F7980027284A /* Interface.storyboard in Resources */ = {isa = PBXBuildFile; fileRef = 38518EE82832F7980027284A /* Interface.storyboard */; };
		38518EEC2832F79C0027284A /* Assets.xcassets in Resources */ = {isa = PBXBuildFile; fileRef = 38518EEB2832F79C0027284A /* Assets.xcassets */; };
		38518EF22832F79C0027284A /* watchOSApp WatchKit Extension.appex in Embed App Extensions */ = {isa = PBXBuildFile; fileRef = 38518EF12832F79C0027284A /* watchOSApp WatchKit Extension.appex */; settings = {ATTRIBUTES = (RemoveHeadersOnCopy, ); }; };
		38518EF72832F79C0027284A /* InterfaceController.swift in Sources */ = {isa = PBXBuildFile; fileRef = 38518EF62832F79C0027284A /* InterfaceController.swift */; };
		38518EF92832F79C0027284A /* ExtensionDelegate.swift in Sources */ = {isa = PBXBuildFile; fileRef = 38518EF82832F79C0027284A /* ExtensionDelegate.swift */; };
		38518EFB2832F79C0027284A /* NotificationController.swift in Sources */ = {isa = PBXBuildFile; fileRef = 38518EFA2832F79C0027284A /* NotificationController.swift */; };
		38518EFD2832F79C0027284A /* ComplicationController.swift in Sources */ = {isa = PBXBuildFile; fileRef = 38518EFC2832F79C0027284A /* ComplicationController.swift */; };
		38518EFF2832F79E0027284A /* Assets.xcassets in Resources */ = {isa = PBXBuildFile; fileRef = 38518EFE2832F79E0027284A /* Assets.xcassets */; };
		38518F0E2832FBE70027284A /* GoogleService-Info.plist in Resources */ = {isa = PBXBuildFile; fileRef = 38518F0D2832FBE70027284A /* GoogleService-Info.plist */; };
		38518F0F2832FBE70027284A /* GoogleService-Info.plist in Resources */ = {isa = PBXBuildFile; fileRef = 38518F0D2832FBE70027284A /* GoogleService-Info.plist */; };
		38518F102832FBE70027284A /* GoogleService-Info.plist in Resources */ = {isa = PBXBuildFile; fileRef = 38518F0D2832FBE70027284A /* GoogleService-Info.plist */; };
		3863F420278C871F0096AA2D /* Statistic.storyboard in Resources */ = {isa = PBXBuildFile; fileRef = 3863F41F278C871F0096AA2D /* Statistic.storyboard */; };
		3872EBD8282D4E8F000C6F80 /* SettinngsViewController.swift in Sources */ = {isa = PBXBuildFile; fileRef = 3872EBD7282D4E8F000C6F80 /* SettinngsViewController.swift */; };
		3872EBDA282D583B000C6F80 /* GoogleService-Info.plist in Resources */ = {isa = PBXBuildFile; fileRef = 3872EBD9282D583B000C6F80 /* GoogleService-Info.plist */; };
		3872EBE0282DAEDD000C6F80 /* UserData.swift in Sources */ = {isa = PBXBuildFile; fileRef = 3872EBDF282DAEDD000C6F80 /* UserData.swift */; };
		3872EBE3282E63FC000C6F80 /* UIColor+Extension.swift in Sources */ = {isa = PBXBuildFile; fileRef = 3872EBE2282E63FC000C6F80 /* UIColor+Extension.swift */; };
		38E2989227E8C61400F07E49 /* Authentication.storyboard in Resources */ = {isa = PBXBuildFile; fileRef = 38E2989127E8C61400F07E49 /* Authentication.storyboard */; };
		38E2989427E8CC5A00F07E49 /* AuthViewController.swift in Sources */ = {isa = PBXBuildFile; fileRef = 38E2989327E8CC5A00F07E49 /* AuthViewController.swift */; };
		4ED766B3A73B8C611DF24D66 /* Pods_iOSApp_iOSAppUITests.framework in Frameworks */ = {isa = PBXBuildFile; fileRef = AA713653807EC5412B48E751 /* Pods_iOSApp_iOSAppUITests.framework */; };
		A67BB9BCF48D9AD77E43E9B6 /* Pods_watchOSApp.framework in Frameworks */ = {isa = PBXBuildFile; fileRef = 3CADBF6DEC9F8E3F9966976B /* Pods_watchOSApp.framework */; };
		F504EA190CE66EB769D5D163 /* Pods_iOSAppTests.framework in Frameworks */ = {isa = PBXBuildFile; fileRef = 09BEEE8D73AE225868B9677D /* Pods_iOSAppTests.framework */; };
		FEF2613B6C5B1DF481FB1AB3 /* Pods_watchOSApp_WatchKit_Extension.framework in Frameworks */ = {isa = PBXBuildFile; fileRef = 696704943F0A608B79C81A9C /* Pods_watchOSApp_WatchKit_Extension.framework */; };
/* End PBXBuildFile section */

/* Begin PBXContainerItemProxy section */
		3800DF182789C80500EE5C5B /* PBXContainerItemProxy */ = {
			isa = PBXContainerItemProxy;
			containerPortal = 3800DEF92789C80200EE5C5B /* Project object */;
			proxyType = 1;
			remoteGlobalIDString = 3800DF002789C80200EE5C5B;
			remoteInfo = iOSApp;
		};
		3800DF222789C80500EE5C5B /* PBXContainerItemProxy */ = {
			isa = PBXContainerItemProxy;
			containerPortal = 3800DEF92789C80200EE5C5B /* Project object */;
			proxyType = 1;
			remoteGlobalIDString = 3800DF002789C80200EE5C5B;
			remoteInfo = iOSApp;
		};
		38518EE52832F7980027284A /* PBXContainerItemProxy */ = {
			isa = PBXContainerItemProxy;
			containerPortal = 3800DEF92789C80200EE5C5B /* Project object */;
			proxyType = 1;
			remoteGlobalIDString = 38518EE22832F7980027284A;
			remoteInfo = "watchOSApp WatchKit App";
		};
		38518EF32832F79C0027284A /* PBXContainerItemProxy */ = {
			isa = PBXContainerItemProxy;
			containerPortal = 3800DEF92789C80200EE5C5B /* Project object */;
			proxyType = 1;
			remoteGlobalIDString = 38518EF02832F79C0027284A;
			remoteInfo = "watchOSApp WatchKit Extension";
		};
/* End PBXContainerItemProxy section */

/* Begin PBXCopyFilesBuildPhase section */
		38518F052832F79E0027284A /* Embed App Extensions */ = {
			isa = PBXCopyFilesBuildPhase;
			buildActionMask = 2147483647;
			dstPath = "";
			dstSubfolderSpec = 13;
			files = (
				38518EF22832F79C0027284A /* watchOSApp WatchKit Extension.appex in Embed App Extensions */,
			);
			name = "Embed App Extensions";
			runOnlyForDeploymentPostprocessing = 0;
		};
		38518F092832F79E0027284A /* Embed Watch Content */ = {
			isa = PBXCopyFilesBuildPhase;
			buildActionMask = 2147483647;
			dstPath = "$(CONTENTS_FOLDER_PATH)/Watch";
			dstSubfolderSpec = 16;
			files = (
				38518EE42832F7980027284A /* watchOSApp WatchKit App.app in Embed Watch Content */,
			);
			name = "Embed Watch Content";
			runOnlyForDeploymentPostprocessing = 0;
		};
/* End PBXCopyFilesBuildPhase section */

/* Begin PBXFileReference section */
		09BEEE8D73AE225868B9677D /* Pods_iOSAppTests.framework */ = {isa = PBXFileReference; explicitFileType = wrapper.framework; includeInIndex = 0; path = Pods_iOSAppTests.framework; sourceTree = BUILT_PRODUCTS_DIR; };
		1CCF67F9E6A1317BEDD13775 /* Pods-iOSAppTests.debug.xcconfig */ = {isa = PBXFileReference; includeInIndex = 1; lastKnownFileType = text.xcconfig; name = "Pods-iOSAppTests.debug.xcconfig"; path = "Target Support Files/Pods-iOSAppTests/Pods-iOSAppTests.debug.xcconfig"; sourceTree = "<group>"; };
		206166DBF5C35CAA216B16C5 /* Pods-watchOSApp WatchKit Extension.release.xcconfig */ = {isa = PBXFileReference; includeInIndex = 1; lastKnownFileType = text.xcconfig; name = "Pods-watchOSApp WatchKit Extension.release.xcconfig"; path = "Target Support Files/Pods-watchOSApp WatchKit Extension/Pods-watchOSApp WatchKit Extension.release.xcconfig"; sourceTree = "<group>"; };
		28E70D68813C50AE1545CC16 /* Pods_watchOSApp_WatchKit_App.framework */ = {isa = PBXFileReference; explicitFileType = wrapper.framework; includeInIndex = 0; path = Pods_watchOSApp_WatchKit_App.framework; sourceTree = BUILT_PRODUCTS_DIR; };
		3800DF012789C80300EE5C5B /* iOSApp.app */ = {isa = PBXFileReference; explicitFileType = wrapper.application; includeInIndex = 0; path = iOSApp.app; sourceTree = BUILT_PRODUCTS_DIR; };
		3800DF042789C80300EE5C5B /* AppDelegate.swift */ = {isa = PBXFileReference; lastKnownFileType = sourcecode.swift; path = AppDelegate.swift; sourceTree = "<group>"; };
		3800DF062789C80300EE5C5B /* SceneDelegate.swift */ = {isa = PBXFileReference; lastKnownFileType = sourcecode.swift; path = SceneDelegate.swift; sourceTree = "<group>"; };
		3800DF0B2789C80300EE5C5B /* Base */ = {isa = PBXFileReference; lastKnownFileType = file.storyboard; name = Base; path = Base.lproj/Main.storyboard; sourceTree = "<group>"; };
		3800DF0D2789C80400EE5C5B /* Assets.xcassets */ = {isa = PBXFileReference; lastKnownFileType = folder.assetcatalog; path = Assets.xcassets; sourceTree = "<group>"; };
		3800DF102789C80400EE5C5B /* Base */ = {isa = PBXFileReference; lastKnownFileType = file.storyboard; name = Base; path = Base.lproj/LaunchScreen.storyboard; sourceTree = "<group>"; };
		3800DF122789C80400EE5C5B /* Info.plist */ = {isa = PBXFileReference; lastKnownFileType = text.plist.xml; path = Info.plist; sourceTree = "<group>"; };
		3800DF172789C80500EE5C5B /* iOSAppTests.xctest */ = {isa = PBXFileReference; explicitFileType = wrapper.cfbundle; includeInIndex = 0; path = iOSAppTests.xctest; sourceTree = BUILT_PRODUCTS_DIR; };
		3800DF1B2789C80500EE5C5B /* iOSAppTests.swift */ = {isa = PBXFileReference; lastKnownFileType = sourcecode.swift; path = iOSAppTests.swift; sourceTree = "<group>"; };
		3800DF212789C80500EE5C5B /* iOSAppUITests.xctest */ = {isa = PBXFileReference; explicitFileType = wrapper.cfbundle; includeInIndex = 0; path = iOSAppUITests.xctest; sourceTree = BUILT_PRODUCTS_DIR; };
		3800DF252789C80500EE5C5B /* iOSAppUITests.swift */ = {isa = PBXFileReference; lastKnownFileType = sourcecode.swift; path = iOSAppUITests.swift; sourceTree = "<group>"; };
		3800DF272789C80500EE5C5B /* iOSAppUITestsLaunchTests.swift */ = {isa = PBXFileReference; lastKnownFileType = sourcecode.swift; path = iOSAppUITestsLaunchTests.swift; sourceTree = "<group>"; };
		3800DF342789CC0C00EE5C5B /* README.md */ = {isa = PBXFileReference; lastKnownFileType = net.daringfireball.markdown; path = README.md; sourceTree = "<group>"; };
		380CC899278A613B0092CE23 /* Home.storyboard */ = {isa = PBXFileReference; lastKnownFileType = file.storyboard; path = Home.storyboard; sourceTree = "<group>"; };
		380CC89B278A61D10092CE23 /* Settings.storyboard */ = {isa = PBXFileReference; lastKnownFileType = file.storyboard; path = Settings.storyboard; sourceTree = "<group>"; };
		38518EBE28312BFA0027284A /* HomeViewController.swift */ = {isa = PBXFileReference; lastKnownFileType = sourcecode.swift; path = HomeViewController.swift; sourceTree = "<group>"; };
		38518EC4283133EC0027284A /* CircleCollectionViewCell.swift */ = {isa = PBXFileReference; lastKnownFileType = sourcecode.swift; path = CircleCollectionViewCell.swift; sourceTree = "<group>"; };
		38518EC6283135210027284A /* PatientData.swift */ = {isa = PBXFileReference; lastKnownFileType = sourcecode.swift; path = PatientData.swift; sourceTree = "<group>"; };
		38518EC8283158640027284A /* HomeModel.swift */ = {isa = PBXFileReference; lastKnownFileType = sourcecode.swift; path = HomeModel.swift; sourceTree = "<group>"; };
		38518ECB283182460027284A /* AddPatientViewController.swift */ = {isa = PBXFileReference; lastKnownFileType = sourcecode.swift; path = AddPatientViewController.swift; sourceTree = "<group>"; };
		38518ECD283182600027284A /* AddPatient.storyboard */ = {isa = PBXFileReference; lastKnownFileType = file.storyboard; path = AddPatient.storyboard; sourceTree = "<group>"; };
		38518ECF2831AC1F0027284A /* TextTableViewCell.swift */ = {isa = PBXFileReference; lastKnownFileType = sourcecode.swift; path = TextTableViewCell.swift; sourceTree = "<group>"; };
		38518ED228325CE50027284A /* PatientProfileViewController.swift */ = {isa = PBXFileReference; lastKnownFileType = sourcecode.swift; path = PatientProfileViewController.swift; sourceTree = "<group>"; };
		38518ED428325CF90027284A /* PatientProfile.storyboard */ = {isa = PBXFileReference; lastKnownFileType = file.storyboard; path = PatientProfile.storyboard; sourceTree = "<group>"; };
		38518ED628325DF50027284A /* PatientProfileModel.swift */ = {isa = PBXFileReference; lastKnownFileType = sourcecode.swift; path = PatientProfileModel.swift; sourceTree = "<group>"; };
		38518ED8283260E60027284A /* UIImage+Extension.swift */ = {isa = PBXFileReference; lastKnownFileType = sourcecode.swift; path = "UIImage+Extension.swift"; sourceTree = "<group>"; };
		38518EDA28326A3E0027284A /* UIView+Extension.swift */ = {isa = PBXFileReference; lastKnownFileType = sourcecode.swift; path = "UIView+Extension.swift"; sourceTree = "<group>"; };
		38518EDC28327BF80027284A /* Notification.Name+Extension.swift */ = {isa = PBXFileReference; lastKnownFileType = sourcecode.swift; path = "Notification.Name+Extension.swift"; sourceTree = "<group>"; };
		38518EE02832F7980027284A /* ElderlyCare.app */ = {isa = PBXFileReference; explicitFileType = wrapper.application; includeInIndex = 0; path = ElderlyCare.app; sourceTree = BUILT_PRODUCTS_DIR; };
		38518EE32832F7980027284A /* watchOSApp WatchKit App.app */ = {isa = PBXFileReference; explicitFileType = wrapper.application; includeInIndex = 0; path = "watchOSApp WatchKit App.app"; sourceTree = BUILT_PRODUCTS_DIR; };
		38518EE92832F7980027284A /* Base */ = {isa = PBXFileReference; lastKnownFileType = file.storyboard; name = Base; path = Base.lproj/Interface.storyboard; sourceTree = "<group>"; };
		38518EEB2832F79C0027284A /* Assets.xcassets */ = {isa = PBXFileReference; lastKnownFileType = folder.assetcatalog; path = Assets.xcassets; sourceTree = "<group>"; };
		38518EF12832F79C0027284A /* watchOSApp WatchKit Extension.appex */ = {isa = PBXFileReference; explicitFileType = "wrapper.app-extension"; includeInIndex = 0; path = "watchOSApp WatchKit Extension.appex"; sourceTree = BUILT_PRODUCTS_DIR; };
		38518EF62832F79C0027284A /* InterfaceController.swift */ = {isa = PBXFileReference; lastKnownFileType = sourcecode.swift; path = InterfaceController.swift; sourceTree = "<group>"; };
		38518EF82832F79C0027284A /* ExtensionDelegate.swift */ = {isa = PBXFileReference; lastKnownFileType = sourcecode.swift; path = ExtensionDelegate.swift; sourceTree = "<group>"; };
		38518EFA2832F79C0027284A /* NotificationController.swift */ = {isa = PBXFileReference; lastKnownFileType = sourcecode.swift; path = NotificationController.swift; sourceTree = "<group>"; };
		38518EFC2832F79C0027284A /* ComplicationController.swift */ = {isa = PBXFileReference; lastKnownFileType = sourcecode.swift; path = ComplicationController.swift; sourceTree = "<group>"; };
		38518EFE2832F79E0027284A /* Assets.xcassets */ = {isa = PBXFileReference; lastKnownFileType = folder.assetcatalog; path = Assets.xcassets; sourceTree = "<group>"; };
		38518F002832F79E0027284A /* Info.plist */ = {isa = PBXFileReference; lastKnownFileType = text.plist.xml; path = Info.plist; sourceTree = "<group>"; };
		38518F012832F79E0027284A /* PushNotificationPayload.apns */ = {isa = PBXFileReference; lastKnownFileType = text; path = PushNotificationPayload.apns; sourceTree = "<group>"; };
		38518F0D2832FBE70027284A /* GoogleService-Info.plist */ = {isa = PBXFileReference; fileEncoding = 4; lastKnownFileType = text.plist.xml; path = "GoogleService-Info.plist"; sourceTree = "<group>"; };
		3863F41F278C871F0096AA2D /* Statistic.storyboard */ = {isa = PBXFileReference; lastKnownFileType = file.storyboard; path = Statistic.storyboard; sourceTree = "<group>"; };
		3872EBD7282D4E8F000C6F80 /* SettinngsViewController.swift */ = {isa = PBXFileReference; lastKnownFileType = sourcecode.swift; path = SettinngsViewController.swift; sourceTree = "<group>"; };
		3872EBD9282D583B000C6F80 /* GoogleService-Info.plist */ = {isa = PBXFileReference; fileEncoding = 4; lastKnownFileType = text.plist.xml; path = "GoogleService-Info.plist"; sourceTree = "<group>"; };
		3872EBDF282DAEDD000C6F80 /* UserData.swift */ = {isa = PBXFileReference; lastKnownFileType = sourcecode.swift; path = UserData.swift; sourceTree = "<group>"; };
		3872EBE2282E63FC000C6F80 /* UIColor+Extension.swift */ = {isa = PBXFileReference; lastKnownFileType = sourcecode.swift; path = "UIColor+Extension.swift"; sourceTree = "<group>"; };
		38E2989127E8C61400F07E49 /* Authentication.storyboard */ = {isa = PBXFileReference; lastKnownFileType = file.storyboard; path = Authentication.storyboard; sourceTree = "<group>"; };
		38E2989327E8CC5A00F07E49 /* AuthViewController.swift */ = {isa = PBXFileReference; lastKnownFileType = sourcecode.swift; path = AuthViewController.swift; sourceTree = "<group>"; };
		3CADBF6DEC9F8E3F9966976B /* Pods_watchOSApp.framework */ = {isa = PBXFileReference; explicitFileType = wrapper.framework; includeInIndex = 0; path = Pods_watchOSApp.framework; sourceTree = BUILT_PRODUCTS_DIR; };
		50F605B3CC1EF5D048B89644 /* Pods-iOSApp-iOSAppUITests.release.xcconfig */ = {isa = PBXFileReference; includeInIndex = 1; lastKnownFileType = text.xcconfig; name = "Pods-iOSApp-iOSAppUITests.release.xcconfig"; path = "Target Support Files/Pods-iOSApp-iOSAppUITests/Pods-iOSApp-iOSAppUITests.release.xcconfig"; sourceTree = "<group>"; };
		537C37E5F8F387C44EFA7E26 /* Pods-watchOSApp WatchKit Extension.debug.xcconfig */ = {isa = PBXFileReference; includeInIndex = 1; lastKnownFileType = text.xcconfig; name = "Pods-watchOSApp WatchKit Extension.debug.xcconfig"; path = "Target Support Files/Pods-watchOSApp WatchKit Extension/Pods-watchOSApp WatchKit Extension.debug.xcconfig"; sourceTree = "<group>"; };
		696704943F0A608B79C81A9C /* Pods_watchOSApp_WatchKit_Extension.framework */ = {isa = PBXFileReference; explicitFileType = wrapper.framework; includeInIndex = 0; path = Pods_watchOSApp_WatchKit_Extension.framework; sourceTree = BUILT_PRODUCTS_DIR; };
		6BF24DC0E7B5524EBDD613CF /* Pods-iOSAppTests.release.xcconfig */ = {isa = PBXFileReference; includeInIndex = 1; lastKnownFileType = text.xcconfig; name = "Pods-iOSAppTests.release.xcconfig"; path = "Target Support Files/Pods-iOSAppTests/Pods-iOSAppTests.release.xcconfig"; sourceTree = "<group>"; };
		712F2070A98F9FD8F86E9960 /* Pods-iOSApp-iOSAppUITests.debug.xcconfig */ = {isa = PBXFileReference; includeInIndex = 1; lastKnownFileType = text.xcconfig; name = "Pods-iOSApp-iOSAppUITests.debug.xcconfig"; path = "Target Support Files/Pods-iOSApp-iOSAppUITests/Pods-iOSApp-iOSAppUITests.debug.xcconfig"; sourceTree = "<group>"; };
		7C250635E1C2B455A0E1419A /* Pods-iOSApp.release.xcconfig */ = {isa = PBXFileReference; includeInIndex = 1; lastKnownFileType = text.xcconfig; name = "Pods-iOSApp.release.xcconfig"; path = "Target Support Files/Pods-iOSApp/Pods-iOSApp.release.xcconfig"; sourceTree = "<group>"; };
		7F58EADC772395A56D80CCE0 /* Pods-watchOSApp.release.xcconfig */ = {isa = PBXFileReference; includeInIndex = 1; lastKnownFileType = text.xcconfig; name = "Pods-watchOSApp.release.xcconfig"; path = "Target Support Files/Pods-watchOSApp/Pods-watchOSApp.release.xcconfig"; sourceTree = "<group>"; };
		AA713653807EC5412B48E751 /* Pods_iOSApp_iOSAppUITests.framework */ = {isa = PBXFileReference; explicitFileType = wrapper.framework; includeInIndex = 0; path = Pods_iOSApp_iOSAppUITests.framework; sourceTree = BUILT_PRODUCTS_DIR; };
		CB25D375265ACD0978937CC6 /* Pods-watchOSApp WatchKit App.debug.xcconfig */ = {isa = PBXFileReference; includeInIndex = 1; lastKnownFileType = text.xcconfig; name = "Pods-watchOSApp WatchKit App.debug.xcconfig"; path = "Target Support Files/Pods-watchOSApp WatchKit App/Pods-watchOSApp WatchKit App.debug.xcconfig"; sourceTree = "<group>"; };
		D4DF0A72F5949D50B221B51A /* Pods-watchOSApp WatchKit App.release.xcconfig */ = {isa = PBXFileReference; includeInIndex = 1; lastKnownFileType = text.xcconfig; name = "Pods-watchOSApp WatchKit App.release.xcconfig"; path = "Target Support Files/Pods-watchOSApp WatchKit App/Pods-watchOSApp WatchKit App.release.xcconfig"; sourceTree = "<group>"; };
		E1B2235ADFE4714E131D710A /* Pods-watchOSApp.debug.xcconfig */ = {isa = PBXFileReference; includeInIndex = 1; lastKnownFileType = text.xcconfig; name = "Pods-watchOSApp.debug.xcconfig"; path = "Target Support Files/Pods-watchOSApp/Pods-watchOSApp.debug.xcconfig"; sourceTree = "<group>"; };
		FB09A0195BB485C74652E650 /* Pods-iOSApp.debug.xcconfig */ = {isa = PBXFileReference; includeInIndex = 1; lastKnownFileType = text.xcconfig; name = "Pods-iOSApp.debug.xcconfig"; path = "Target Support Files/Pods-iOSApp/Pods-iOSApp.debug.xcconfig"; sourceTree = "<group>"; };
		FBE2AA2F9F4E05238739BAF9 /* Pods_iOSApp.framework */ = {isa = PBXFileReference; explicitFileType = wrapper.framework; includeInIndex = 0; path = Pods_iOSApp.framework; sourceTree = BUILT_PRODUCTS_DIR; };
/* End PBXFileReference section */

/* Begin PBXFrameworksBuildPhase section */
		275A707B5089BB9B42F6C092 /* Frameworks */ = {
			isa = PBXFrameworksBuildPhase;
			buildActionMask = 2147483647;
			files = (
				A67BB9BCF48D9AD77E43E9B6 /* Pods_watchOSApp.framework in Frameworks */,
			);
			runOnlyForDeploymentPostprocessing = 0;
		};
		3800DEFE2789C80200EE5C5B /* Frameworks */ = {
			isa = PBXFrameworksBuildPhase;
			buildActionMask = 2147483647;
			files = (
				1840DB7F70D9019A7C0816ED /* Pods_iOSApp.framework in Frameworks */,
			);
			runOnlyForDeploymentPostprocessing = 0;
		};
		3800DF142789C80500EE5C5B /* Frameworks */ = {
			isa = PBXFrameworksBuildPhase;
			buildActionMask = 2147483647;
			files = (
				F504EA190CE66EB769D5D163 /* Pods_iOSAppTests.framework in Frameworks */,
			);
			runOnlyForDeploymentPostprocessing = 0;
		};
		3800DF1E2789C80500EE5C5B /* Frameworks */ = {
			isa = PBXFrameworksBuildPhase;
			buildActionMask = 2147483647;
			files = (
				4ED766B3A73B8C611DF24D66 /* Pods_iOSApp_iOSAppUITests.framework in Frameworks */,
			);
			runOnlyForDeploymentPostprocessing = 0;
		};
		38518EEE2832F79C0027284A /* Frameworks */ = {
			isa = PBXFrameworksBuildPhase;
			buildActionMask = 2147483647;
			files = (
				FEF2613B6C5B1DF481FB1AB3 /* Pods_watchOSApp_WatchKit_Extension.framework in Frameworks */,
			);
			runOnlyForDeploymentPostprocessing = 0;
		};
		3DFC413F6DA20FDB7960DC2B /* Frameworks */ = {
			isa = PBXFrameworksBuildPhase;
			buildActionMask = 2147483647;
			files = (
				0FC4F8D956181F2A030E178C /* Pods_watchOSApp_WatchKit_App.framework in Frameworks */,
			);
			runOnlyForDeploymentPostprocessing = 0;
		};
/* End PBXFrameworksBuildPhase section */

/* Begin PBXGroup section */
		3800DEF82789C80200EE5C5B = {
			isa = PBXGroup;
			children = (
				3800DF342789CC0C00EE5C5B /* README.md */,
				3800DF032789C80300EE5C5B /* iOSApp */,
				3800DF1A2789C80500EE5C5B /* iOSAppTests */,
				3800DF242789C80500EE5C5B /* iOSAppUITests */,
				38518EE72832F7980027284A /* watchOSApp WatchKit App */,
				38518EF52832F79C0027284A /* watchOSApp WatchKit Extension */,
				3800DF022789C80300EE5C5B /* Products */,
				AAD7873BC4D74DC525E294C5 /* Pods */,
				F08BAB4E5B207D61857671BF /* Frameworks */,
			);
			sourceTree = "<group>";
		};
		3800DF022789C80300EE5C5B /* Products */ = {
			isa = PBXGroup;
			children = (
				3800DF012789C80300EE5C5B /* iOSApp.app */,
				3800DF172789C80500EE5C5B /* iOSAppTests.xctest */,
				3800DF212789C80500EE5C5B /* iOSAppUITests.xctest */,
				38518EE02832F7980027284A /* ElderlyCare.app */,
				38518EE32832F7980027284A /* watchOSApp WatchKit App.app */,
				38518EF12832F79C0027284A /* watchOSApp WatchKit Extension.appex */,
			);
			name = Products;
			sourceTree = "<group>";
		};
		3800DF032789C80300EE5C5B /* iOSApp */ = {
			isa = PBXGroup;
			children = (
				3863F421278C88EB0096AA2D /* Source */,
				3800DF042789C80300EE5C5B /* AppDelegate.swift */,
				3800DF062789C80300EE5C5B /* SceneDelegate.swift */,
				3800DF0A2789C80300EE5C5B /* Main.storyboard */,
				3800DF0F2789C80400EE5C5B /* LaunchScreen.storyboard */,
				3800DF0D2789C80400EE5C5B /* Assets.xcassets */,
				3872EBD9282D583B000C6F80 /* GoogleService-Info.plist */,
				3800DF122789C80400EE5C5B /* Info.plist */,
			);
			path = iOSApp;
			sourceTree = "<group>";
		};
		3800DF1A2789C80500EE5C5B /* iOSAppTests */ = {
			isa = PBXGroup;
			children = (
				3800DF1B2789C80500EE5C5B /* iOSAppTests.swift */,
			);
			path = iOSAppTests;
			sourceTree = "<group>";
		};
		3800DF242789C80500EE5C5B /* iOSAppUITests */ = {
			isa = PBXGroup;
			children = (
				3800DF252789C80500EE5C5B /* iOSAppUITests.swift */,
				3800DF272789C80500EE5C5B /* iOSAppUITestsLaunchTests.swift */,
			);
			path = iOSAppUITests;
			sourceTree = "<group>";
		};
		38518EC2283133720027284A /* Components */ = {
			isa = PBXGroup;
			children = (
				38518EC4283133EC0027284A /* CircleCollectionViewCell.swift */,
				38518ECF2831AC1F0027284A /* TextTableViewCell.swift */,
			);
			path = Components;
			sourceTree = "<group>";
		};
		38518ECA283182040027284A /* AddPatient */ = {
			isa = PBXGroup;
			children = (
				38518ECB283182460027284A /* AddPatientViewController.swift */,
				38518ECD283182600027284A /* AddPatient.storyboard */,
			);
			path = AddPatient;
			sourceTree = "<group>";
		};
		38518ED128325CBC0027284A /* PatientProfile */ = {
			isa = PBXGroup;
			children = (
				38518ED228325CE50027284A /* PatientProfileViewController.swift */,
				38518ED428325CF90027284A /* PatientProfile.storyboard */,
				38518ED628325DF50027284A /* PatientProfileModel.swift */,
			);
			path = PatientProfile;
			sourceTree = "<group>";
		};
		38518EE72832F7980027284A /* watchOSApp WatchKit App */ = {
			isa = PBXGroup;
			children = (
				38518EE82832F7980027284A /* Interface.storyboard */,
				38518EEB2832F79C0027284A /* Assets.xcassets */,
			);
			path = "watchOSApp WatchKit App";
			sourceTree = "<group>";
		};
		38518EF52832F79C0027284A /* watchOSApp WatchKit Extension */ = {
			isa = PBXGroup;
			children = (
				38518EF62832F79C0027284A /* InterfaceController.swift */,
				38518EF82832F79C0027284A /* ExtensionDelegate.swift */,
				38518EFA2832F79C0027284A /* NotificationController.swift */,
				38518EFC2832F79C0027284A /* ComplicationController.swift */,
				38518EFE2832F79E0027284A /* Assets.xcassets */,
				38518F002832F79E0027284A /* Info.plist */,
				38518F0D2832FBE70027284A /* GoogleService-Info.plist */,
				38518F012832F79E0027284A /* PushNotificationPayload.apns */,
			);
			path = "watchOSApp WatchKit Extension";
			sourceTree = "<group>";
		};
		3863F421278C88EB0096AA2D /* Source */ = {
			isa = PBXGroup;
			children = (
				3872EBDE282DAEB0000C6F80 /* Core */,
				38518EC2283133720027284A /* Components */,
				3872EBDD282DAE93000C6F80 /* Screens */,
			);
			path = Source;
			sourceTree = "<group>";
		};
		3863F422278C890B0096AA2D /* Home */ = {
			isa = PBXGroup;
			children = (
				380CC899278A613B0092CE23 /* Home.storyboard */,
				38518EBE28312BFA0027284A /* HomeViewController.swift */,
				38518EC8283158640027284A /* HomeModel.swift */,
			);
			path = Home;
			sourceTree = "<group>";
		};
		3863F424278C89350096AA2D /* Settings */ = {
			isa = PBXGroup;
			children = (
				380CC89B278A61D10092CE23 /* Settings.storyboard */,
				3872EBD7282D4E8F000C6F80 /* SettinngsViewController.swift */,
			);
			path = Settings;
			sourceTree = "<group>";
		};
		3863F425278C89420096AA2D /* Statistic */ = {
			isa = PBXGroup;
			children = (
				3863F41F278C871F0096AA2D /* Statistic.storyboard */,
			);
			path = Statistic;
			sourceTree = "<group>";
		};
		3872EBDD282DAE93000C6F80 /* Screens */ = {
			isa = PBXGroup;
			children = (
				38518ED128325CBC0027284A /* PatientProfile */,
				38518ECA283182040027284A /* AddPatient */,
				3863F424278C89350096AA2D /* Settings */,
				3863F425278C89420096AA2D /* Statistic */,
				3892E27A27E8C55B0078A6AB /* Authentication */,
				3863F422278C890B0096AA2D /* Home */,
			);
			path = Screens;
			sourceTree = "<group>";
		};
		3872EBDE282DAEB0000C6F80 /* Core */ = {
			isa = PBXGroup;
			children = (
				3872EBE1282E63DE000C6F80 /* Extensions */,
				3872EBDF282DAEDD000C6F80 /* UserData.swift */,
				38518EC6283135210027284A /* PatientData.swift */,
			);
			path = Core;
			sourceTree = "<group>";
		};
		3872EBE1282E63DE000C6F80 /* Extensions */ = {
			isa = PBXGroup;
			children = (
				3872EBE2282E63FC000C6F80 /* UIColor+Extension.swift */,
				38518ED8283260E60027284A /* UIImage+Extension.swift */,
				38518EDA28326A3E0027284A /* UIView+Extension.swift */,
				38518EDC28327BF80027284A /* Notification.Name+Extension.swift */,
			);
			path = Extensions;
			sourceTree = "<group>";
		};
		3892E27A27E8C55B0078A6AB /* Authentication */ = {
			isa = PBXGroup;
			children = (
				38E2989127E8C61400F07E49 /* Authentication.storyboard */,
				38E2989327E8CC5A00F07E49 /* AuthViewController.swift */,
			);
			path = Authentication;
			sourceTree = "<group>";
		};
		AAD7873BC4D74DC525E294C5 /* Pods */ = {
			isa = PBXGroup;
			children = (
				FB09A0195BB485C74652E650 /* Pods-iOSApp.debug.xcconfig */,
				7C250635E1C2B455A0E1419A /* Pods-iOSApp.release.xcconfig */,
				712F2070A98F9FD8F86E9960 /* Pods-iOSApp-iOSAppUITests.debug.xcconfig */,
				50F605B3CC1EF5D048B89644 /* Pods-iOSApp-iOSAppUITests.release.xcconfig */,
				1CCF67F9E6A1317BEDD13775 /* Pods-iOSAppTests.debug.xcconfig */,
				6BF24DC0E7B5524EBDD613CF /* Pods-iOSAppTests.release.xcconfig */,
				E1B2235ADFE4714E131D710A /* Pods-watchOSApp.debug.xcconfig */,
				7F58EADC772395A56D80CCE0 /* Pods-watchOSApp.release.xcconfig */,
				CB25D375265ACD0978937CC6 /* Pods-watchOSApp WatchKit App.debug.xcconfig */,
				D4DF0A72F5949D50B221B51A /* Pods-watchOSApp WatchKit App.release.xcconfig */,
				537C37E5F8F387C44EFA7E26 /* Pods-watchOSApp WatchKit Extension.debug.xcconfig */,
				206166DBF5C35CAA216B16C5 /* Pods-watchOSApp WatchKit Extension.release.xcconfig */,
			);
			path = Pods;
			sourceTree = "<group>";
		};
		F08BAB4E5B207D61857671BF /* Frameworks */ = {
			isa = PBXGroup;
			children = (
				FBE2AA2F9F4E05238739BAF9 /* Pods_iOSApp.framework */,
				AA713653807EC5412B48E751 /* Pods_iOSApp_iOSAppUITests.framework */,
				09BEEE8D73AE225868B9677D /* Pods_iOSAppTests.framework */,
				3CADBF6DEC9F8E3F9966976B /* Pods_watchOSApp.framework */,
				28E70D68813C50AE1545CC16 /* Pods_watchOSApp_WatchKit_App.framework */,
				696704943F0A608B79C81A9C /* Pods_watchOSApp_WatchKit_Extension.framework */,
			);
			name = Frameworks;
			sourceTree = "<group>";
		};
/* End PBXGroup section */

/* Begin PBXNativeTarget section */
		3800DF002789C80200EE5C5B /* iOSApp */ = {
			isa = PBXNativeTarget;
			buildConfigurationList = 3800DF2B2789C80500EE5C5B /* Build configuration list for PBXNativeTarget "iOSApp" */;
			buildPhases = (
				FABF87230A3811F23585E843 /* [CP] Check Pods Manifest.lock */,
				3800DEFD2789C80200EE5C5B /* Sources */,
				3800DEFE2789C80200EE5C5B /* Frameworks */,
				3800DEFF2789C80200EE5C5B /* Resources */,
				EB36B7F86FF2C0991559DA07 /* [CP] Embed Pods Frameworks */,
			);
			buildRules = (
			);
			dependencies = (
			);
			name = iOSApp;
			productName = iOSApp;
			productReference = 3800DF012789C80300EE5C5B /* iOSApp.app */;
			productType = "com.apple.product-type.application";
		};
		3800DF162789C80500EE5C5B /* iOSAppTests */ = {
			isa = PBXNativeTarget;
			buildConfigurationList = 3800DF2E2789C80500EE5C5B /* Build configuration list for PBXNativeTarget "iOSAppTests" */;
			buildPhases = (
				8D08F096BCE87745ECB8125B /* [CP] Check Pods Manifest.lock */,
				3800DF132789C80500EE5C5B /* Sources */,
				3800DF142789C80500EE5C5B /* Frameworks */,
				3800DF152789C80500EE5C5B /* Resources */,
			);
			buildRules = (
			);
			dependencies = (
				3800DF192789C80500EE5C5B /* PBXTargetDependency */,
			);
			name = iOSAppTests;
			productName = iOSAppTests;
			productReference = 3800DF172789C80500EE5C5B /* iOSAppTests.xctest */;
			productType = "com.apple.product-type.bundle.unit-test";
		};
		3800DF202789C80500EE5C5B /* iOSAppUITests */ = {
			isa = PBXNativeTarget;
			buildConfigurationList = 3800DF312789C80500EE5C5B /* Build configuration list for PBXNativeTarget "iOSAppUITests" */;
			buildPhases = (
				265C60345CA6F9FFA592EA24 /* [CP] Check Pods Manifest.lock */,
				3800DF1D2789C80500EE5C5B /* Sources */,
				3800DF1E2789C80500EE5C5B /* Frameworks */,
				3800DF1F2789C80500EE5C5B /* Resources */,
				491F2C5210D1E7959A98EEAC /* [CP] Embed Pods Frameworks */,
			);
			buildRules = (
			);
			dependencies = (
				3800DF232789C80500EE5C5B /* PBXTargetDependency */,
			);
			name = iOSAppUITests;
			productName = iOSAppUITests;
			productReference = 3800DF212789C80500EE5C5B /* iOSAppUITests.xctest */;
			productType = "com.apple.product-type.bundle.ui-testing";
		};
		38518EDF2832F7980027284A /* watchOSApp */ = {
			isa = PBXNativeTarget;
			buildConfigurationList = 38518F0A2832F79E0027284A /* Build configuration list for PBXNativeTarget "watchOSApp" */;
			buildPhases = (
				69A9FE533412C0D98566CE96 /* [CP] Check Pods Manifest.lock */,
				38518EDE2832F7980027284A /* Resources */,
				38518F092832F79E0027284A /* Embed Watch Content */,
				275A707B5089BB9B42F6C092 /* Frameworks */,
			);
			buildRules = (
			);
			dependencies = (
				38518EE62832F7980027284A /* PBXTargetDependency */,
			);
			name = watchOSApp;
			productName = watchOSApp;
			productReference = 38518EE02832F7980027284A /* ElderlyCare.app */;
			productType = "com.apple.product-type.application.watchapp2-container";
		};
		38518EE22832F7980027284A /* watchOSApp WatchKit App */ = {
			isa = PBXNativeTarget;
			buildConfigurationList = 38518F062832F79E0027284A /* Build configuration list for PBXNativeTarget "watchOSApp WatchKit App" */;
			buildPhases = (
				C0CE714E762354EC1AA4EAA7 /* [CP] Check Pods Manifest.lock */,
				38518EE12832F7980027284A /* Resources */,
				38518F052832F79E0027284A /* Embed App Extensions */,
				3DFC413F6DA20FDB7960DC2B /* Frameworks */,
			);
			buildRules = (
			);
			dependencies = (
				38518EF42832F79C0027284A /* PBXTargetDependency */,
			);
			name = "watchOSApp WatchKit App";
			productName = "watchOSApp WatchKit App";
			productReference = 38518EE32832F7980027284A /* watchOSApp WatchKit App.app */;
			productType = "com.apple.product-type.application.watchapp2";
		};
		38518EF02832F79C0027284A /* watchOSApp WatchKit Extension */ = {
			isa = PBXNativeTarget;
			buildConfigurationList = 38518F022832F79E0027284A /* Build configuration list for PBXNativeTarget "watchOSApp WatchKit Extension" */;
			buildPhases = (
				0696AAF5A0FB13352B1CCF30 /* [CP] Check Pods Manifest.lock */,
				38518EED2832F79C0027284A /* Sources */,
				38518EEE2832F79C0027284A /* Frameworks */,
				38518EEF2832F79C0027284A /* Resources */,
				310CA6CB6A05764D793A73A3 /* [CP] Embed Pods Frameworks */,
			);
			buildRules = (
			);
			dependencies = (
			);
			name = "watchOSApp WatchKit Extension";
			productName = "watchOSApp WatchKit Extension";
			productReference = 38518EF12832F79C0027284A /* watchOSApp WatchKit Extension.appex */;
			productType = "com.apple.product-type.watchkit2-extension";
		};
/* End PBXNativeTarget section */

/* Begin PBXProject section */
		3800DEF92789C80200EE5C5B /* Project object */ = {
			isa = PBXProject;
			attributes = {
				BuildIndependentTargetsInParallel = 1;
				LastSwiftUpdateCheck = 1330;
				LastUpgradeCheck = 1300;
				TargetAttributes = {
					3800DF002789C80200EE5C5B = {
						CreatedOnToolsVersion = 13.0;
					};
					3800DF162789C80500EE5C5B = {
						CreatedOnToolsVersion = 13.0;
						TestTargetID = 3800DF002789C80200EE5C5B;
					};
					3800DF202789C80500EE5C5B = {
						CreatedOnToolsVersion = 13.0;
						TestTargetID = 3800DF002789C80200EE5C5B;
					};
					38518EDF2832F7980027284A = {
						CreatedOnToolsVersion = 13.3.1;
					};
					38518EE22832F7980027284A = {
						CreatedOnToolsVersion = 13.3.1;
					};
					38518EF02832F79C0027284A = {
						CreatedOnToolsVersion = 13.3.1;
					};
				};
			};
			buildConfigurationList = 3800DEFC2789C80200EE5C5B /* Build configuration list for PBXProject "iOSApp" */;
			compatibilityVersion = "Xcode 13.0";
			developmentRegion = en;
			hasScannedForEncodings = 0;
			knownRegions = (
				en,
				Base,
			);
			mainGroup = 3800DEF82789C80200EE5C5B;
			productRefGroup = 3800DF022789C80300EE5C5B /* Products */;
			projectDirPath = "";
			projectRoot = "";
			targets = (
				3800DF002789C80200EE5C5B /* iOSApp */,
				3800DF162789C80500EE5C5B /* iOSAppTests */,
				3800DF202789C80500EE5C5B /* iOSAppUITests */,
				38518EDF2832F7980027284A /* watchOSApp */,
				38518EE22832F7980027284A /* watchOSApp WatchKit App */,
				38518EF02832F79C0027284A /* watchOSApp WatchKit Extension */,
			);
		};
/* End PBXProject section */

/* Begin PBXResourcesBuildPhase section */
		3800DEFF2789C80200EE5C5B /* Resources */ = {
			isa = PBXResourcesBuildPhase;
			buildActionMask = 2147483647;
			files = (
				38518ECE283182600027284A /* AddPatient.storyboard in Resources */,
				3800DF112789C80400EE5C5B /* LaunchScreen.storyboard in Resources */,
				3872EBDA282D583B000C6F80 /* GoogleService-Info.plist in Resources */,
				38E2989227E8C61400F07E49 /* Authentication.storyboard in Resources */,
				3863F420278C871F0096AA2D /* Statistic.storyboard in Resources */,
				3800DF0E2789C80400EE5C5B /* Assets.xcassets in Resources */,
				38518ED528325CF90027284A /* PatientProfile.storyboard in Resources */,
				3800DF0C2789C80300EE5C5B /* Main.storyboard in Resources */,
				380CC89A278A613B0092CE23 /* Home.storyboard in Resources */,
				380CC89C278A61D10092CE23 /* Settings.storyboard in Resources */,
			);
			runOnlyForDeploymentPostprocessing = 0;
		};
		3800DF152789C80500EE5C5B /* Resources */ = {
			isa = PBXResourcesBuildPhase;
			buildActionMask = 2147483647;
			files = (
			);
			runOnlyForDeploymentPostprocessing = 0;
		};
		3800DF1F2789C80500EE5C5B /* Resources */ = {
			isa = PBXResourcesBuildPhase;
			buildActionMask = 2147483647;
			files = (
			);
			runOnlyForDeploymentPostprocessing = 0;
		};
		38518EDE2832F7980027284A /* Resources */ = {
			isa = PBXResourcesBuildPhase;
			buildActionMask = 2147483647;
			files = (
				38518F0E2832FBE70027284A /* GoogleService-Info.plist in Resources */,
			);
			runOnlyForDeploymentPostprocessing = 0;
		};
		38518EE12832F7980027284A /* Resources */ = {
			isa = PBXResourcesBuildPhase;
			buildActionMask = 2147483647;
			files = (
				38518EEC2832F79C0027284A /* Assets.xcassets in Resources */,
				38518EEA2832F7980027284A /* Interface.storyboard in Resources */,
				38518F0F2832FBE70027284A /* GoogleService-Info.plist in Resources */,
			);
			runOnlyForDeploymentPostprocessing = 0;
		};
		38518EEF2832F79C0027284A /* Resources */ = {
			isa = PBXResourcesBuildPhase;
			buildActionMask = 2147483647;
			files = (
				38518EFF2832F79E0027284A /* Assets.xcassets in Resources */,
				38518F102832FBE70027284A /* GoogleService-Info.plist in Resources */,
			);
			runOnlyForDeploymentPostprocessing = 0;
		};
/* End PBXResourcesBuildPhase section */

/* Begin PBXShellScriptBuildPhase section */
		0696AAF5A0FB13352B1CCF30 /* [CP] Check Pods Manifest.lock */ = {
			isa = PBXShellScriptBuildPhase;
			buildActionMask = 2147483647;
			files = (
			);
			inputFileListPaths = (
			);
			inputPaths = (
				"${PODS_PODFILE_DIR_PATH}/Podfile.lock",
				"${PODS_ROOT}/Manifest.lock",
			);
			name = "[CP] Check Pods Manifest.lock";
			outputFileListPaths = (
			);
			outputPaths = (
				"$(DERIVED_FILE_DIR)/Pods-watchOSApp WatchKit Extension-checkManifestLockResult.txt",
			);
			runOnlyForDeploymentPostprocessing = 0;
			shellPath = /bin/sh;
			shellScript = "diff \"${PODS_PODFILE_DIR_PATH}/Podfile.lock\" \"${PODS_ROOT}/Manifest.lock\" > /dev/null\nif [ $? != 0 ] ; then\n    # print error to STDERR\n    echo \"error: The sandbox is not in sync with the Podfile.lock. Run 'pod install' or update your CocoaPods installation.\" >&2\n    exit 1\nfi\n# This output is used by Xcode 'outputs' to avoid re-running this script phase.\necho \"SUCCESS\" > \"${SCRIPT_OUTPUT_FILE_0}\"\n";
			showEnvVarsInLog = 0;
		};
		265C60345CA6F9FFA592EA24 /* [CP] Check Pods Manifest.lock */ = {
			isa = PBXShellScriptBuildPhase;
			buildActionMask = 2147483647;
			files = (
			);
			inputFileListPaths = (
			);
			inputPaths = (
				"${PODS_PODFILE_DIR_PATH}/Podfile.lock",
				"${PODS_ROOT}/Manifest.lock",
			);
			name = "[CP] Check Pods Manifest.lock";
			outputFileListPaths = (
			);
			outputPaths = (
				"$(DERIVED_FILE_DIR)/Pods-iOSApp-iOSAppUITests-checkManifestLockResult.txt",
			);
			runOnlyForDeploymentPostprocessing = 0;
			shellPath = /bin/sh;
			shellScript = "diff \"${PODS_PODFILE_DIR_PATH}/Podfile.lock\" \"${PODS_ROOT}/Manifest.lock\" > /dev/null\nif [ $? != 0 ] ; then\n    # print error to STDERR\n    echo \"error: The sandbox is not in sync with the Podfile.lock. Run 'pod install' or update your CocoaPods installation.\" >&2\n    exit 1\nfi\n# This output is used by Xcode 'outputs' to avoid re-running this script phase.\necho \"SUCCESS\" > \"${SCRIPT_OUTPUT_FILE_0}\"\n";
			showEnvVarsInLog = 0;
		};
		310CA6CB6A05764D793A73A3 /* [CP] Embed Pods Frameworks */ = {
			isa = PBXShellScriptBuildPhase;
			buildActionMask = 2147483647;
			files = (
			);
			inputFileListPaths = (
				"${PODS_ROOT}/Target Support Files/Pods-watchOSApp WatchKit Extension/Pods-watchOSApp WatchKit Extension-frameworks-${CONFIGURATION}-input-files.xcfilelist",
			);
			name = "[CP] Embed Pods Frameworks";
			outputFileListPaths = (
				"${PODS_ROOT}/Target Support Files/Pods-watchOSApp WatchKit Extension/Pods-watchOSApp WatchKit Extension-frameworks-${CONFIGURATION}-output-files.xcfilelist",
			);
			runOnlyForDeploymentPostprocessing = 0;
			shellPath = /bin/sh;
			shellScript = "\"${PODS_ROOT}/Target Support Files/Pods-watchOSApp WatchKit Extension/Pods-watchOSApp WatchKit Extension-frameworks.sh\"\n";
			showEnvVarsInLog = 0;
		};
		491F2C5210D1E7959A98EEAC /* [CP] Embed Pods Frameworks */ = {
			isa = PBXShellScriptBuildPhase;
			buildActionMask = 2147483647;
			files = (
			);
			inputFileListPaths = (
				"${PODS_ROOT}/Target Support Files/Pods-iOSApp-iOSAppUITests/Pods-iOSApp-iOSAppUITests-frameworks-${CONFIGURATION}-input-files.xcfilelist",
			);
			name = "[CP] Embed Pods Frameworks";
			outputFileListPaths = (
				"${PODS_ROOT}/Target Support Files/Pods-iOSApp-iOSAppUITests/Pods-iOSApp-iOSAppUITests-frameworks-${CONFIGURATION}-output-files.xcfilelist",
			);
			runOnlyForDeploymentPostprocessing = 0;
			shellPath = /bin/sh;
			shellScript = "\"${PODS_ROOT}/Target Support Files/Pods-iOSApp-iOSAppUITests/Pods-iOSApp-iOSAppUITests-frameworks.sh\"\n";
			showEnvVarsInLog = 0;
		};
		69A9FE533412C0D98566CE96 /* [CP] Check Pods Manifest.lock */ = {
			isa = PBXShellScriptBuildPhase;
			buildActionMask = 2147483647;
			files = (
			);
			inputFileListPaths = (
			);
			inputPaths = (
				"${PODS_PODFILE_DIR_PATH}/Podfile.lock",
				"${PODS_ROOT}/Manifest.lock",
			);
			name = "[CP] Check Pods Manifest.lock";
			outputFileListPaths = (
			);
			outputPaths = (
				"$(DERIVED_FILE_DIR)/Pods-watchOSApp-checkManifestLockResult.txt",
			);
			runOnlyForDeploymentPostprocessing = 0;
			shellPath = /bin/sh;
			shellScript = "diff \"${PODS_PODFILE_DIR_PATH}/Podfile.lock\" \"${PODS_ROOT}/Manifest.lock\" > /dev/null\nif [ $? != 0 ] ; then\n    # print error to STDERR\n    echo \"error: The sandbox is not in sync with the Podfile.lock. Run 'pod install' or update your CocoaPods installation.\" >&2\n    exit 1\nfi\n# This output is used by Xcode 'outputs' to avoid re-running this script phase.\necho \"SUCCESS\" > \"${SCRIPT_OUTPUT_FILE_0}\"\n";
			showEnvVarsInLog = 0;
		};
		8D08F096BCE87745ECB8125B /* [CP] Check Pods Manifest.lock */ = {
			isa = PBXShellScriptBuildPhase;
			buildActionMask = 2147483647;
			files = (
			);
			inputFileListPaths = (
			);
			inputPaths = (
				"${PODS_PODFILE_DIR_PATH}/Podfile.lock",
				"${PODS_ROOT}/Manifest.lock",
			);
			name = "[CP] Check Pods Manifest.lock";
			outputFileListPaths = (
			);
			outputPaths = (
				"$(DERIVED_FILE_DIR)/Pods-iOSAppTests-checkManifestLockResult.txt",
			);
			runOnlyForDeploymentPostprocessing = 0;
			shellPath = /bin/sh;
			shellScript = "diff \"${PODS_PODFILE_DIR_PATH}/Podfile.lock\" \"${PODS_ROOT}/Manifest.lock\" > /dev/null\nif [ $? != 0 ] ; then\n    # print error to STDERR\n    echo \"error: The sandbox is not in sync with the Podfile.lock. Run 'pod install' or update your CocoaPods installation.\" >&2\n    exit 1\nfi\n# This output is used by Xcode 'outputs' to avoid re-running this script phase.\necho \"SUCCESS\" > \"${SCRIPT_OUTPUT_FILE_0}\"\n";
			showEnvVarsInLog = 0;
		};
		C0CE714E762354EC1AA4EAA7 /* [CP] Check Pods Manifest.lock */ = {
			isa = PBXShellScriptBuildPhase;
			buildActionMask = 2147483647;
			files = (
			);
			inputFileListPaths = (
			);
			inputPaths = (
				"${PODS_PODFILE_DIR_PATH}/Podfile.lock",
				"${PODS_ROOT}/Manifest.lock",
			);
			name = "[CP] Check Pods Manifest.lock";
			outputFileListPaths = (
			);
			outputPaths = (
				"$(DERIVED_FILE_DIR)/Pods-watchOSApp WatchKit App-checkManifestLockResult.txt",
			);
			runOnlyForDeploymentPostprocessing = 0;
			shellPath = /bin/sh;
			shellScript = "diff \"${PODS_PODFILE_DIR_PATH}/Podfile.lock\" \"${PODS_ROOT}/Manifest.lock\" > /dev/null\nif [ $? != 0 ] ; then\n    # print error to STDERR\n    echo \"error: The sandbox is not in sync with the Podfile.lock. Run 'pod install' or update your CocoaPods installation.\" >&2\n    exit 1\nfi\n# This output is used by Xcode 'outputs' to avoid re-running this script phase.\necho \"SUCCESS\" > \"${SCRIPT_OUTPUT_FILE_0}\"\n";
			showEnvVarsInLog = 0;
		};
		EB36B7F86FF2C0991559DA07 /* [CP] Embed Pods Frameworks */ = {
			isa = PBXShellScriptBuildPhase;
			buildActionMask = 2147483647;
			files = (
			);
			inputFileListPaths = (
				"${PODS_ROOT}/Target Support Files/Pods-iOSApp/Pods-iOSApp-frameworks-${CONFIGURATION}-input-files.xcfilelist",
			);
			name = "[CP] Embed Pods Frameworks";
			outputFileListPaths = (
				"${PODS_ROOT}/Target Support Files/Pods-iOSApp/Pods-iOSApp-frameworks-${CONFIGURATION}-output-files.xcfilelist",
			);
			runOnlyForDeploymentPostprocessing = 0;
			shellPath = /bin/sh;
			shellScript = "\"${PODS_ROOT}/Target Support Files/Pods-iOSApp/Pods-iOSApp-frameworks.sh\"\n";
			showEnvVarsInLog = 0;
		};
		FABF87230A3811F23585E843 /* [CP] Check Pods Manifest.lock */ = {
			isa = PBXShellScriptBuildPhase;
			buildActionMask = 2147483647;
			files = (
			);
			inputFileListPaths = (
			);
			inputPaths = (
				"${PODS_PODFILE_DIR_PATH}/Podfile.lock",
				"${PODS_ROOT}/Manifest.lock",
			);
			name = "[CP] Check Pods Manifest.lock";
			outputFileListPaths = (
			);
			outputPaths = (
				"$(DERIVED_FILE_DIR)/Pods-iOSApp-checkManifestLockResult.txt",
			);
			runOnlyForDeploymentPostprocessing = 0;
			shellPath = /bin/sh;
			shellScript = "diff \"${PODS_PODFILE_DIR_PATH}/Podfile.lock\" \"${PODS_ROOT}/Manifest.lock\" > /dev/null\nif [ $? != 0 ] ; then\n    # print error to STDERR\n    echo \"error: The sandbox is not in sync with the Podfile.lock. Run 'pod install' or update your CocoaPods installation.\" >&2\n    exit 1\nfi\n# This output is used by Xcode 'outputs' to avoid re-running this script phase.\necho \"SUCCESS\" > \"${SCRIPT_OUTPUT_FILE_0}\"\n";
			showEnvVarsInLog = 0;
		};
/* End PBXShellScriptBuildPhase section */

/* Begin PBXSourcesBuildPhase section */
		3800DEFD2789C80200EE5C5B /* Sources */ = {
			isa = PBXSourcesBuildPhase;
			buildActionMask = 2147483647;
			files = (
				3800DF052789C80300EE5C5B /* AppDelegate.swift in Sources */,
				38E2989427E8CC5A00F07E49 /* AuthViewController.swift in Sources */,
				38518EDB28326A3E0027284A /* UIView+Extension.swift in Sources */,
				38518EDD28327BF80027284A /* Notification.Name+Extension.swift in Sources */,
				38518EC5283133EC0027284A /* CircleCollectionViewCell.swift in Sources */,
				38518ED728325DF50027284A /* PatientProfileModel.swift in Sources */,
				38518EC7283135210027284A /* PatientData.swift in Sources */,
				3872EBD8282D4E8F000C6F80 /* SettinngsViewController.swift in Sources */,
				38518ED02831AC1F0027284A /* TextTableViewCell.swift in Sources */,
				38518ECC283182460027284A /* AddPatientViewController.swift in Sources */,
				3872EBE3282E63FC000C6F80 /* UIColor+Extension.swift in Sources */,
				3872EBE0282DAEDD000C6F80 /* UserData.swift in Sources */,
				38518EBF28312BFA0027284A /* HomeViewController.swift in Sources */,
				38518ED328325CE50027284A /* PatientProfileViewController.swift in Sources */,
				38518ED9283260E60027284A /* UIImage+Extension.swift in Sources */,
				38518EC9283158640027284A /* HomeModel.swift in Sources */,
				3800DF072789C80300EE5C5B /* SceneDelegate.swift in Sources */,
			);
			runOnlyForDeploymentPostprocessing = 0;
		};
		3800DF132789C80500EE5C5B /* Sources */ = {
			isa = PBXSourcesBuildPhase;
			buildActionMask = 2147483647;
			files = (
				3800DF1C2789C80500EE5C5B /* iOSAppTests.swift in Sources */,
			);
			runOnlyForDeploymentPostprocessing = 0;
		};
		3800DF1D2789C80500EE5C5B /* Sources */ = {
			isa = PBXSourcesBuildPhase;
			buildActionMask = 2147483647;
			files = (
				3800DF282789C80500EE5C5B /* iOSAppUITestsLaunchTests.swift in Sources */,
				3800DF262789C80500EE5C5B /* iOSAppUITests.swift in Sources */,
			);
			runOnlyForDeploymentPostprocessing = 0;
		};
		38518EED2832F79C0027284A /* Sources */ = {
			isa = PBXSourcesBuildPhase;
			buildActionMask = 2147483647;
			files = (
				38518EFB2832F79C0027284A /* NotificationController.swift in Sources */,
				38518EFD2832F79C0027284A /* ComplicationController.swift in Sources */,
				38518EF92832F79C0027284A /* ExtensionDelegate.swift in Sources */,
				38518EF72832F79C0027284A /* InterfaceController.swift in Sources */,
			);
			runOnlyForDeploymentPostprocessing = 0;
		};
/* End PBXSourcesBuildPhase section */

/* Begin PBXTargetDependency section */
		3800DF192789C80500EE5C5B /* PBXTargetDependency */ = {
			isa = PBXTargetDependency;
			target = 3800DF002789C80200EE5C5B /* iOSApp */;
			targetProxy = 3800DF182789C80500EE5C5B /* PBXContainerItemProxy */;
		};
		3800DF232789C80500EE5C5B /* PBXTargetDependency */ = {
			isa = PBXTargetDependency;
			target = 3800DF002789C80200EE5C5B /* iOSApp */;
			targetProxy = 3800DF222789C80500EE5C5B /* PBXContainerItemProxy */;
		};
		38518EE62832F7980027284A /* PBXTargetDependency */ = {
			isa = PBXTargetDependency;
			target = 38518EE22832F7980027284A /* watchOSApp WatchKit App */;
			targetProxy = 38518EE52832F7980027284A /* PBXContainerItemProxy */;
		};
		38518EF42832F79C0027284A /* PBXTargetDependency */ = {
			isa = PBXTargetDependency;
			target = 38518EF02832F79C0027284A /* watchOSApp WatchKit Extension */;
			targetProxy = 38518EF32832F79C0027284A /* PBXContainerItemProxy */;
		};
/* End PBXTargetDependency section */

/* Begin PBXVariantGroup section */
		3800DF0A2789C80300EE5C5B /* Main.storyboard */ = {
			isa = PBXVariantGroup;
			children = (
				3800DF0B2789C80300EE5C5B /* Base */,
			);
			name = Main.storyboard;
			sourceTree = "<group>";
		};
		3800DF0F2789C80400EE5C5B /* LaunchScreen.storyboard */ = {
			isa = PBXVariantGroup;
			children = (
				3800DF102789C80400EE5C5B /* Base */,
			);
			name = LaunchScreen.storyboard;
			sourceTree = "<group>";
		};
		38518EE82832F7980027284A /* Interface.storyboard */ = {
			isa = PBXVariantGroup;
			children = (
				38518EE92832F7980027284A /* Base */,
			);
			name = Interface.storyboard;
			sourceTree = "<group>";
		};
/* End PBXVariantGroup section */

/* Begin XCBuildConfiguration section */
		3800DF292789C80500EE5C5B /* Debug */ = {
			isa = XCBuildConfiguration;
			buildSettings = {
				ALWAYS_SEARCH_USER_PATHS = NO;
				CLANG_ANALYZER_NONNULL = YES;
				CLANG_ANALYZER_NUMBER_OBJECT_CONVERSION = YES_AGGRESSIVE;
				CLANG_CXX_LANGUAGE_STANDARD = "gnu++17";
				CLANG_CXX_LIBRARY = "libc++";
				CLANG_ENABLE_MODULES = YES;
				CLANG_ENABLE_OBJC_ARC = YES;
				CLANG_ENABLE_OBJC_WEAK = YES;
				CLANG_WARN_BLOCK_CAPTURE_AUTORELEASING = YES;
				CLANG_WARN_BOOL_CONVERSION = YES;
				CLANG_WARN_COMMA = YES;
				CLANG_WARN_CONSTANT_CONVERSION = YES;
				CLANG_WARN_DEPRECATED_OBJC_IMPLEMENTATIONS = YES;
				CLANG_WARN_DIRECT_OBJC_ISA_USAGE = YES_ERROR;
				CLANG_WARN_DOCUMENTATION_COMMENTS = YES;
				CLANG_WARN_EMPTY_BODY = YES;
				CLANG_WARN_ENUM_CONVERSION = YES;
				CLANG_WARN_INFINITE_RECURSION = YES;
				CLANG_WARN_INT_CONVERSION = YES;
				CLANG_WARN_NON_LITERAL_NULL_CONVERSION = YES;
				CLANG_WARN_OBJC_IMPLICIT_RETAIN_SELF = YES;
				CLANG_WARN_OBJC_LITERAL_CONVERSION = YES;
				CLANG_WARN_OBJC_ROOT_CLASS = YES_ERROR;
				CLANG_WARN_QUOTED_INCLUDE_IN_FRAMEWORK_HEADER = YES;
				CLANG_WARN_RANGE_LOOP_ANALYSIS = YES;
				CLANG_WARN_STRICT_PROTOTYPES = YES;
				CLANG_WARN_SUSPICIOUS_MOVE = YES;
				CLANG_WARN_UNGUARDED_AVAILABILITY = YES_AGGRESSIVE;
				CLANG_WARN_UNREACHABLE_CODE = YES;
				CLANG_WARN__DUPLICATE_METHOD_MATCH = YES;
				COPY_PHASE_STRIP = NO;
				DEBUG_INFORMATION_FORMAT = dwarf;
				ENABLE_STRICT_OBJC_MSGSEND = YES;
				ENABLE_TESTABILITY = YES;
				GCC_C_LANGUAGE_STANDARD = gnu11;
				GCC_DYNAMIC_NO_PIC = NO;
				GCC_NO_COMMON_BLOCKS = YES;
				GCC_OPTIMIZATION_LEVEL = 0;
				GCC_PREPROCESSOR_DEFINITIONS = (
					"DEBUG=1",
					"$(inherited)",
				);
				GCC_WARN_64_TO_32_BIT_CONVERSION = YES;
				GCC_WARN_ABOUT_RETURN_TYPE = YES_ERROR;
				GCC_WARN_UNDECLARED_SELECTOR = YES;
				GCC_WARN_UNINITIALIZED_AUTOS = YES_AGGRESSIVE;
				GCC_WARN_UNUSED_FUNCTION = YES;
				GCC_WARN_UNUSED_VARIABLE = YES;
				IPHONEOS_DEPLOYMENT_TARGET = 15.0;
				MTL_ENABLE_DEBUG_INFO = INCLUDE_SOURCE;
				MTL_FAST_MATH = YES;
				ONLY_ACTIVE_ARCH = YES;
				SDKROOT = iphoneos;
				SWIFT_ACTIVE_COMPILATION_CONDITIONS = DEBUG;
				SWIFT_OPTIMIZATION_LEVEL = "-Onone";
			};
			name = Debug;
		};
		3800DF2A2789C80500EE5C5B /* Release */ = {
			isa = XCBuildConfiguration;
			buildSettings = {
				ALWAYS_SEARCH_USER_PATHS = NO;
				CLANG_ANALYZER_NONNULL = YES;
				CLANG_ANALYZER_NUMBER_OBJECT_CONVERSION = YES_AGGRESSIVE;
				CLANG_CXX_LANGUAGE_STANDARD = "gnu++17";
				CLANG_CXX_LIBRARY = "libc++";
				CLANG_ENABLE_MODULES = YES;
				CLANG_ENABLE_OBJC_ARC = YES;
				CLANG_ENABLE_OBJC_WEAK = YES;
				CLANG_WARN_BLOCK_CAPTURE_AUTORELEASING = YES;
				CLANG_WARN_BOOL_CONVERSION = YES;
				CLANG_WARN_COMMA = YES;
				CLANG_WARN_CONSTANT_CONVERSION = YES;
				CLANG_WARN_DEPRECATED_OBJC_IMPLEMENTATIONS = YES;
				CLANG_WARN_DIRECT_OBJC_ISA_USAGE = YES_ERROR;
				CLANG_WARN_DOCUMENTATION_COMMENTS = YES;
				CLANG_WARN_EMPTY_BODY = YES;
				CLANG_WARN_ENUM_CONVERSION = YES;
				CLANG_WARN_INFINITE_RECURSION = YES;
				CLANG_WARN_INT_CONVERSION = YES;
				CLANG_WARN_NON_LITERAL_NULL_CONVERSION = YES;
				CLANG_WARN_OBJC_IMPLICIT_RETAIN_SELF = YES;
				CLANG_WARN_OBJC_LITERAL_CONVERSION = YES;
				CLANG_WARN_OBJC_ROOT_CLASS = YES_ERROR;
				CLANG_WARN_QUOTED_INCLUDE_IN_FRAMEWORK_HEADER = YES;
				CLANG_WARN_RANGE_LOOP_ANALYSIS = YES;
				CLANG_WARN_STRICT_PROTOTYPES = YES;
				CLANG_WARN_SUSPICIOUS_MOVE = YES;
				CLANG_WARN_UNGUARDED_AVAILABILITY = YES_AGGRESSIVE;
				CLANG_WARN_UNREACHABLE_CODE = YES;
				CLANG_WARN__DUPLICATE_METHOD_MATCH = YES;
				COPY_PHASE_STRIP = NO;
				DEBUG_INFORMATION_FORMAT = "dwarf-with-dsym";
				ENABLE_NS_ASSERTIONS = NO;
				ENABLE_STRICT_OBJC_MSGSEND = YES;
				GCC_C_LANGUAGE_STANDARD = gnu11;
				GCC_NO_COMMON_BLOCKS = YES;
				GCC_WARN_64_TO_32_BIT_CONVERSION = YES;
				GCC_WARN_ABOUT_RETURN_TYPE = YES_ERROR;
				GCC_WARN_UNDECLARED_SELECTOR = YES;
				GCC_WARN_UNINITIALIZED_AUTOS = YES_AGGRESSIVE;
				GCC_WARN_UNUSED_FUNCTION = YES;
				GCC_WARN_UNUSED_VARIABLE = YES;
				IPHONEOS_DEPLOYMENT_TARGET = 15.0;
				MTL_ENABLE_DEBUG_INFO = NO;
				MTL_FAST_MATH = YES;
				SDKROOT = iphoneos;
				SWIFT_COMPILATION_MODE = wholemodule;
				SWIFT_OPTIMIZATION_LEVEL = "-O";
				VALIDATE_PRODUCT = YES;
			};
			name = Release;
		};
		3800DF2C2789C80500EE5C5B /* Debug */ = {
			isa = XCBuildConfiguration;
			baseConfigurationReference = FB09A0195BB485C74652E650 /* Pods-iOSApp.debug.xcconfig */;
			buildSettings = {
				ASSETCATALOG_COMPILER_APPICON_NAME = AppIcon;
				ASSETCATALOG_COMPILER_GLOBAL_ACCENT_COLOR_NAME = AccentColor;
				CODE_SIGN_STYLE = Automatic;
				CURRENT_PROJECT_VERSION = 1;
				DEVELOPMENT_TEAM = H5JQK8WRD6;
				GENERATE_INFOPLIST_FILE = YES;
				INFOPLIST_FILE = iOSApp/Info.plist;
				INFOPLIST_KEY_CFBundleDisplayName = ElderlyCare;
				INFOPLIST_KEY_UIApplicationSupportsIndirectInputEvents = YES;
				INFOPLIST_KEY_UILaunchStoryboardName = LaunchScreen;
				INFOPLIST_KEY_UIMainStoryboardFile = Main;
				INFOPLIST_KEY_UISupportedInterfaceOrientations_iPad = "UIInterfaceOrientationPortrait UIInterfaceOrientationPortraitUpsideDown UIInterfaceOrientationLandscapeLeft UIInterfaceOrientationLandscapeRight";
				INFOPLIST_KEY_UISupportedInterfaceOrientations_iPhone = "UIInterfaceOrientationPortrait UIInterfaceOrientationLandscapeLeft UIInterfaceOrientationLandscapeRight";
				LD_RUNPATH_SEARCH_PATHS = (
					"$(inherited)",
					"@executable_path/Frameworks",
				);
				MARKETING_VERSION = 1.0;
				PRODUCT_BUNDLE_IDENTIFIER = yaroslav.kukhar.diploma.iOSApp;
				PRODUCT_NAME = "$(TARGET_NAME)";
				SWIFT_EMIT_LOC_STRINGS = YES;
				SWIFT_VERSION = 5.0;
				TARGETED_DEVICE_FAMILY = "1,2";
			};
			name = Debug;
		};
		3800DF2D2789C80500EE5C5B /* Release */ = {
			isa = XCBuildConfiguration;
			baseConfigurationReference = 7C250635E1C2B455A0E1419A /* Pods-iOSApp.release.xcconfig */;
			buildSettings = {
				ASSETCATALOG_COMPILER_APPICON_NAME = AppIcon;
				ASSETCATALOG_COMPILER_GLOBAL_ACCENT_COLOR_NAME = AccentColor;
				CODE_SIGN_STYLE = Automatic;
				CURRENT_PROJECT_VERSION = 1;
				DEVELOPMENT_TEAM = H5JQK8WRD6;
				GENERATE_INFOPLIST_FILE = YES;
				INFOPLIST_FILE = iOSApp/Info.plist;
				INFOPLIST_KEY_CFBundleDisplayName = ElderlyCare;
				INFOPLIST_KEY_UIApplicationSupportsIndirectInputEvents = YES;
				INFOPLIST_KEY_UILaunchStoryboardName = LaunchScreen;
				INFOPLIST_KEY_UIMainStoryboardFile = Main;
				INFOPLIST_KEY_UISupportedInterfaceOrientations_iPad = "UIInterfaceOrientationPortrait UIInterfaceOrientationPortraitUpsideDown UIInterfaceOrientationLandscapeLeft UIInterfaceOrientationLandscapeRight";
				INFOPLIST_KEY_UISupportedInterfaceOrientations_iPhone = "UIInterfaceOrientationPortrait UIInterfaceOrientationLandscapeLeft UIInterfaceOrientationLandscapeRight";
				LD_RUNPATH_SEARCH_PATHS = (
					"$(inherited)",
					"@executable_path/Frameworks",
				);
				MARKETING_VERSION = 1.0;
				PRODUCT_BUNDLE_IDENTIFIER = yaroslav.kukhar.diploma.iOSApp;
				PRODUCT_NAME = "$(TARGET_NAME)";
				SWIFT_EMIT_LOC_STRINGS = YES;
				SWIFT_VERSION = 5.0;
				TARGETED_DEVICE_FAMILY = "1,2";
			};
			name = Release;
		};
		3800DF2F2789C80500EE5C5B /* Debug */ = {
			isa = XCBuildConfiguration;
			baseConfigurationReference = 1CCF67F9E6A1317BEDD13775 /* Pods-iOSAppTests.debug.xcconfig */;
			buildSettings = {
				ALWAYS_EMBED_SWIFT_STANDARD_LIBRARIES = YES;
				BUNDLE_LOADER = "$(TEST_HOST)";
				CODE_SIGN_STYLE = Automatic;
				CURRENT_PROJECT_VERSION = 1;
				DEVELOPMENT_TEAM = H5JQK8WRD6;
				GENERATE_INFOPLIST_FILE = YES;
				IPHONEOS_DEPLOYMENT_TARGET = 15.0;
				LD_RUNPATH_SEARCH_PATHS = (
					"$(inherited)",
					"@executable_path/Frameworks",
					"@loader_path/Frameworks",
				);
				MARKETING_VERSION = 1.0;
				PRODUCT_BUNDLE_IDENTIFIER = yaroslav.kukhar.diploma.iOSAppTests;
				PRODUCT_NAME = "$(TARGET_NAME)";
				SWIFT_EMIT_LOC_STRINGS = NO;
				SWIFT_VERSION = 5.0;
				TARGETED_DEVICE_FAMILY = "1,2";
				TEST_HOST = "$(BUILT_PRODUCTS_DIR)/iOSApp.app/iOSApp";
			};
			name = Debug;
		};
		3800DF302789C80500EE5C5B /* Release */ = {
			isa = XCBuildConfiguration;
			baseConfigurationReference = 6BF24DC0E7B5524EBDD613CF /* Pods-iOSAppTests.release.xcconfig */;
			buildSettings = {
				ALWAYS_EMBED_SWIFT_STANDARD_LIBRARIES = YES;
				BUNDLE_LOADER = "$(TEST_HOST)";
				CODE_SIGN_STYLE = Automatic;
				CURRENT_PROJECT_VERSION = 1;
				DEVELOPMENT_TEAM = H5JQK8WRD6;
				GENERATE_INFOPLIST_FILE = YES;
				IPHONEOS_DEPLOYMENT_TARGET = 15.0;
				LD_RUNPATH_SEARCH_PATHS = (
					"$(inherited)",
					"@executable_path/Frameworks",
					"@loader_path/Frameworks",
				);
				MARKETING_VERSION = 1.0;
				PRODUCT_BUNDLE_IDENTIFIER = yaroslav.kukhar.diploma.iOSAppTests;
				PRODUCT_NAME = "$(TARGET_NAME)";
				SWIFT_EMIT_LOC_STRINGS = NO;
				SWIFT_VERSION = 5.0;
				TARGETED_DEVICE_FAMILY = "1,2";
				TEST_HOST = "$(BUILT_PRODUCTS_DIR)/iOSApp.app/iOSApp";
			};
			name = Release;
		};
		3800DF322789C80500EE5C5B /* Debug */ = {
			isa = XCBuildConfiguration;
			baseConfigurationReference = 712F2070A98F9FD8F86E9960 /* Pods-iOSApp-iOSAppUITests.debug.xcconfig */;
			buildSettings = {
				ALWAYS_EMBED_SWIFT_STANDARD_LIBRARIES = YES;
				CODE_SIGN_STYLE = Automatic;
				CURRENT_PROJECT_VERSION = 1;
				DEVELOPMENT_TEAM = H5JQK8WRD6;
				GENERATE_INFOPLIST_FILE = YES;
				LD_RUNPATH_SEARCH_PATHS = (
					"$(inherited)",
					"@executable_path/Frameworks",
					"@loader_path/Frameworks",
				);
				MARKETING_VERSION = 1.0;
				PRODUCT_BUNDLE_IDENTIFIER = yaroslav.kukhar.diploma.iOSAppUITests;
				PRODUCT_NAME = "$(TARGET_NAME)";
				SWIFT_EMIT_LOC_STRINGS = NO;
				SWIFT_VERSION = 5.0;
				TARGETED_DEVICE_FAMILY = "1,2";
				TEST_TARGET_NAME = iOSApp;
			};
			name = Debug;
		};
		3800DF332789C80500EE5C5B /* Release */ = {
			isa = XCBuildConfiguration;
			baseConfigurationReference = 50F605B3CC1EF5D048B89644 /* Pods-iOSApp-iOSAppUITests.release.xcconfig */;
			buildSettings = {
				ALWAYS_EMBED_SWIFT_STANDARD_LIBRARIES = YES;
				CODE_SIGN_STYLE = Automatic;
				CURRENT_PROJECT_VERSION = 1;
				DEVELOPMENT_TEAM = H5JQK8WRD6;
				GENERATE_INFOPLIST_FILE = YES;
				LD_RUNPATH_SEARCH_PATHS = (
					"$(inherited)",
					"@executable_path/Frameworks",
					"@loader_path/Frameworks",
				);
				MARKETING_VERSION = 1.0;
				PRODUCT_BUNDLE_IDENTIFIER = yaroslav.kukhar.diploma.iOSAppUITests;
				PRODUCT_NAME = "$(TARGET_NAME)";
				SWIFT_EMIT_LOC_STRINGS = NO;
				SWIFT_VERSION = 5.0;
				TARGETED_DEVICE_FAMILY = "1,2";
				TEST_TARGET_NAME = iOSApp;
			};
			name = Release;
		};
		38518F032832F79E0027284A /* Debug */ = {
			isa = XCBuildConfiguration;
			baseConfigurationReference = 537C37E5F8F387C44EFA7E26 /* Pods-watchOSApp WatchKit Extension.debug.xcconfig */;
			buildSettings = {
				ASSETCATALOG_COMPILER_COMPLICATION_NAME = Complication;
				CODE_SIGN_STYLE = Automatic;
				CURRENT_PROJECT_VERSION = 1;
				DEVELOPMENT_TEAM = H5JQK8WRD6;
				GENERATE_INFOPLIST_FILE = YES;
				INFOPLIST_FILE = "watchOSApp WatchKit Extension/Info.plist";
				INFOPLIST_KEY_CFBundleDisplayName = "watchOSApp WatchKit Extension";
				INFOPLIST_KEY_CLKComplicationPrincipalClass = "$(PRODUCT_MODULE_NAME).ComplicationController";
				INFOPLIST_KEY_NSHumanReadableCopyright = "";
				INFOPLIST_KEY_WKExtensionDelegateClassName = "$(PRODUCT_MODULE_NAME).ExtensionDelegate";
				INFOPLIST_KEY_WKWatchOnly = YES;
				LD_RUNPATH_SEARCH_PATHS = (
					"$(inherited)",
					"@executable_path/Frameworks",
					"@executable_path/../../Frameworks",
				);
				MARKETING_VERSION = 1.0;
				PRODUCT_BUNDLE_IDENTIFIER = yaroslav.kukhar.diploma.watchOSApp.watchkitapp.watchkitextension;
				PRODUCT_NAME = "${TARGET_NAME}";
				SDKROOT = watchos;
				SKIP_INSTALL = YES;
				SWIFT_EMIT_LOC_STRINGS = YES;
				SWIFT_VERSION = 5.0;
				TARGETED_DEVICE_FAMILY = 4;
				WATCHOS_DEPLOYMENT_TARGET = 8.5;
			};
			name = Debug;
		};
		38518F042832F79E0027284A /* Release */ = {
			isa = XCBuildConfiguration;
			baseConfigurationReference = 206166DBF5C35CAA216B16C5 /* Pods-watchOSApp WatchKit Extension.release.xcconfig */;
			buildSettings = {
				ASSETCATALOG_COMPILER_COMPLICATION_NAME = Complication;
				CODE_SIGN_STYLE = Automatic;
				CURRENT_PROJECT_VERSION = 1;
				DEVELOPMENT_TEAM = H5JQK8WRD6;
				GENERATE_INFOPLIST_FILE = YES;
				INFOPLIST_FILE = "watchOSApp WatchKit Extension/Info.plist";
				INFOPLIST_KEY_CFBundleDisplayName = "watchOSApp WatchKit Extension";
				INFOPLIST_KEY_CLKComplicationPrincipalClass = "$(PRODUCT_MODULE_NAME).ComplicationController";
				INFOPLIST_KEY_NSHumanReadableCopyright = "";
				INFOPLIST_KEY_WKExtensionDelegateClassName = "$(PRODUCT_MODULE_NAME).ExtensionDelegate";
				INFOPLIST_KEY_WKWatchOnly = YES;
				LD_RUNPATH_SEARCH_PATHS = (
					"$(inherited)",
					"@executable_path/Frameworks",
					"@executable_path/../../Frameworks",
				);
				MARKETING_VERSION = 1.0;
				PRODUCT_BUNDLE_IDENTIFIER = yaroslav.kukhar.diploma.watchOSApp.watchkitapp.watchkitextension;
				PRODUCT_NAME = "${TARGET_NAME}";
				SDKROOT = watchos;
				SKIP_INSTALL = YES;
				SWIFT_EMIT_LOC_STRINGS = YES;
				SWIFT_VERSION = 5.0;
				TARGETED_DEVICE_FAMILY = 4;
				WATCHOS_DEPLOYMENT_TARGET = 8.5;
			};
			name = Release;
		};
		38518F072832F79E0027284A /* Debug */ = {
			isa = XCBuildConfiguration;
			baseConfigurationReference = CB25D375265ACD0978937CC6 /* Pods-watchOSApp WatchKit App.debug.xcconfig */;
			buildSettings = {
				ALWAYS_EMBED_SWIFT_STANDARD_LIBRARIES = YES;
				ASSETCATALOG_COMPILER_APPICON_NAME = AppIcon;
				ASSETCATALOG_COMPILER_GLOBAL_ACCENT_COLOR_NAME = AccentColor;
				CODE_SIGN_STYLE = Automatic;
				CURRENT_PROJECT_VERSION = 1;
				DEVELOPMENT_TEAM = H5JQK8WRD6;
				GENERATE_INFOPLIST_FILE = YES;
				IBSC_MODULE = watchOSApp_WatchKit_Extension;
				INFOPLIST_KEY_CFBundleDisplayName = "watchOSApp WatchKit App";
				INFOPLIST_KEY_UISupportedInterfaceOrientations = "UIInterfaceOrientationPortrait UIInterfaceOrientationPortraitUpsideDown";
				MARKETING_VERSION = 1.0;
				PRODUCT_BUNDLE_IDENTIFIER = yaroslav.kukhar.diploma.watchOSApp.watchkitapp;
				PRODUCT_NAME = "$(TARGET_NAME)";
				SDKROOT = watchos;
				SKIP_INSTALL = YES;
				SWIFT_EMIT_LOC_STRINGS = YES;
				SWIFT_VERSION = 5.0;
				TARGETED_DEVICE_FAMILY = 4;
				WATCHOS_DEPLOYMENT_TARGET = 8.5;
			};
			name = Debug;
		};
		38518F082832F79E0027284A /* Release */ = {
			isa = XCBuildConfiguration;
			baseConfigurationReference = D4DF0A72F5949D50B221B51A /* Pods-watchOSApp WatchKit App.release.xcconfig */;
			buildSettings = {
				ALWAYS_EMBED_SWIFT_STANDARD_LIBRARIES = YES;
				ASSETCATALOG_COMPILER_APPICON_NAME = AppIcon;
				ASSETCATALOG_COMPILER_GLOBAL_ACCENT_COLOR_NAME = AccentColor;
				CODE_SIGN_STYLE = Automatic;
				CURRENT_PROJECT_VERSION = 1;
				DEVELOPMENT_TEAM = H5JQK8WRD6;
				GENERATE_INFOPLIST_FILE = YES;
				IBSC_MODULE = watchOSApp_WatchKit_Extension;
				INFOPLIST_KEY_CFBundleDisplayName = "watchOSApp WatchKit App";
				INFOPLIST_KEY_UISupportedInterfaceOrientations = "UIInterfaceOrientationPortrait UIInterfaceOrientationPortraitUpsideDown";
				MARKETING_VERSION = 1.0;
				PRODUCT_BUNDLE_IDENTIFIER = yaroslav.kukhar.diploma.watchOSApp.watchkitapp;
				PRODUCT_NAME = "$(TARGET_NAME)";
				SDKROOT = watchos;
				SKIP_INSTALL = YES;
				SWIFT_EMIT_LOC_STRINGS = YES;
				SWIFT_VERSION = 5.0;
				TARGETED_DEVICE_FAMILY = 4;
				WATCHOS_DEPLOYMENT_TARGET = 8.5;
			};
			name = Release;
		};
		38518F0B2832F79E0027284A /* Debug */ = {
			isa = XCBuildConfiguration;
			baseConfigurationReference = E1B2235ADFE4714E131D710A /* Pods-watchOSApp.debug.xcconfig */;
			buildSettings = {
				CODE_SIGN_STYLE = Automatic;
				CURRENT_PROJECT_VERSION = 1;
				DEVELOPMENT_TEAM = H5JQK8WRD6;
				MARKETING_VERSION = 1.0;
				PRODUCT_BUNDLE_IDENTIFIER = yaroslav.kukhar.diploma.watchOSApp;
				PRODUCT_NAME = ElderlyCare;
				SWIFT_VERSION = 5.0;
			};
			name = Debug;
		};
		38518F0C2832F79E0027284A /* Release */ = {
			isa = XCBuildConfiguration;
			baseConfigurationReference = 7F58EADC772395A56D80CCE0 /* Pods-watchOSApp.release.xcconfig */;
			buildSettings = {
				CODE_SIGN_STYLE = Automatic;
				CURRENT_PROJECT_VERSION = 1;
				DEVELOPMENT_TEAM = H5JQK8WRD6;
				MARKETING_VERSION = 1.0;
				PRODUCT_BUNDLE_IDENTIFIER = yaroslav.kukhar.diploma.watchOSApp;
				PRODUCT_NAME = ElderlyCare;
				SWIFT_VERSION = 5.0;
			};
			name = Release;
		};
/* End XCBuildConfiguration section */

/* Begin XCConfigurationList section */
		3800DEFC2789C80200EE5C5B /* Build configuration list for PBXProject "iOSApp" */ = {
			isa = XCConfigurationList;
			buildConfigurations = (
				3800DF292789C80500EE5C5B /* Debug */,
				3800DF2A2789C80500EE5C5B /* Release */,
			);
			defaultConfigurationIsVisible = 0;
			defaultConfigurationName = Release;
		};
		3800DF2B2789C80500EE5C5B /* Build configuration list for PBXNativeTarget "iOSApp" */ = {
			isa = XCConfigurationList;
			buildConfigurations = (
				3800DF2C2789C80500EE5C5B /* Debug */,
				3800DF2D2789C80500EE5C5B /* Release */,
			);
			defaultConfigurationIsVisible = 0;
			defaultConfigurationName = Release;
		};
		3800DF2E2789C80500EE5C5B /* Build configuration list for PBXNativeTarget "iOSAppTests" */ = {
			isa = XCConfigurationList;
			buildConfigurations = (
				3800DF2F2789C80500EE5C5B /* Debug */,
				3800DF302789C80500EE5C5B /* Release */,
			);
			defaultConfigurationIsVisible = 0;
			defaultConfigurationName = Release;
		};
		3800DF312789C80500EE5C5B /* Build configuration list for PBXNativeTarget "iOSAppUITests" */ = {
			isa = XCConfigurationList;
			buildConfigurations = (
				3800DF322789C80500EE5C5B /* Debug */,
				3800DF332789C80500EE5C5B /* Release */,
			);
			defaultConfigurationIsVisible = 0;
			defaultConfigurationName = Release;
		};
		38518F022832F79E0027284A /* Build configuration list for PBXNativeTarget "watchOSApp WatchKit Extension" */ = {
			isa = XCConfigurationList;
			buildConfigurations = (
				38518F032832F79E0027284A /* Debug */,
				38518F042832F79E0027284A /* Release */,
			);
			defaultConfigurationIsVisible = 0;
			defaultConfigurationName = Release;
		};
		38518F062832F79E0027284A /* Build configuration list for PBXNativeTarget "watchOSApp WatchKit App" */ = {
			isa = XCConfigurationList;
			buildConfigurations = (
				38518F072832F79E0027284A /* Debug */,
				38518F082832F79E0027284A /* Release */,
			);
			defaultConfigurationIsVisible = 0;
			defaultConfigurationName = Release;
		};
		38518F0A2832F79E0027284A /* Build configuration list for PBXNativeTarget "watchOSApp" */ = {
			isa = XCConfigurationList;
			buildConfigurations = (
				38518F0B2832F79E0027284A /* Debug */,
				38518F0C2832F79E0027284A /* Release */,
			);
			defaultConfigurationIsVisible = 0;
			defaultConfigurationName = Release;
		};
/* End XCConfigurationList section */
	};
	rootObject = 3800DEF92789C80200EE5C5B /* Project object */;
}
